
Microsoft Visual Studio Solution File, Format Version 12.00
# Visual Studio Version 17
VisualStudioVersion = 17.3.32922.545
MinimumVisualStudioVersion = 10.0.40219.1
Project("{FAE04EC0-301F-11D3-BF4B-00C04F79EFBC}") = "00.helloworld", "00.helloworld\00.helloworld.csproj", "{4892D875-16DC-438C-B8CA-657A56A11A8F}"
EndProject
Global
	GlobalSection(SolutionConfigurationPlatforms) = preSolution
		Debug|Any CPU = Debug|Any CPU
		Release|Any CPU = Release|Any CPU
	EndGlobalSection
	GlobalSection(ProjectConfigurationPlatforms) = postSolution
		{4892D875-16DC-438C-B8CA-657A56A11A8F}.Debug|Any CPU.ActiveCfg = Debug|Any CPU
		{4892D875-16DC-438C-B8CA-657A56A11A8F}.Debug|Any CPU.Build.0 = Debug|Any CPU
		{4892D875-16DC-438C-B8CA-657A56A11A8F}.Release|Any CPU.ActiveCfg = Release|Any CPU
		{4892D875-16DC-438C-B8CA-657A56A11A8F}.Release|Any CPU.Build.0 = Release|Any CPU
	EndGlobalSection
	GlobalSection(SolutionProperties) = preSolution
		HideSolutionNode = FALSE
	EndGlobalSection
	GlobalSection(ExtensibilityGlobals) = postSolution
		SolutionGuid = {C3B99879-2C2F-466C-83B2-7B5D6A60DAEF}
	EndGlobalSection
EndGlobal
